// !$*UTF8*$!
{
	archiveVersion = 1;
	classes = {
	};
	objectVersion = 55;
	objects = {

/* Begin PBXBuildFile section */
		AB07F6C12A2A22C200A3F02D /* AppDelegate.swift in Sources */ = {isa = PBXBuildFile; fileRef = AB07F6C02A2A22C200A3F02D /* AppDelegate.swift */; };
		AB07F6CB2A2A22C200A3F02D /* Currency.xcdatamodeld in Sources */ = {isa = PBXBuildFile; fileRef = AB07F6C92A2A22C200A3F02D /* Currency.xcdatamodeld */; };
		AB07F6CD2A2A22C300A3F02D /* Assets.xcassets in Resources */ = {isa = PBXBuildFile; fileRef = AB07F6CC2A2A22C300A3F02D /* Assets.xcassets */; };
		AB07F6D02A2A22C300A3F02D /* LaunchScreen.storyboard in Resources */ = {isa = PBXBuildFile; fileRef = AB07F6CE2A2A22C300A3F02D /* LaunchScreen.storyboard */; };
		AB07F6DB2A2A22C400A3F02D /* CurrencyTests.swift in Sources */ = {isa = PBXBuildFile; fileRef = AB07F6DA2A2A22C400A3F02D /* CurrencyTests.swift */; };
		AB07F6F62A2A277800A3F02D /* NetworkManagerProtocol.swift in Sources */ = {isa = PBXBuildFile; fileRef = AB07F6F52A2A277800A3F02D /* NetworkManagerProtocol.swift */; };
		AB07F6F82A2A279300A3F02D /* NetworkManager.swift in Sources */ = {isa = PBXBuildFile; fileRef = AB07F6F72A2A279300A3F02D /* NetworkManager.swift */; };
		AB07F6FB2A2A2A3200A3F02D /* NetworkServiceProtocol.swift in Sources */ = {isa = PBXBuildFile; fileRef = AB07F6FA2A2A2A3200A3F02D /* NetworkServiceProtocol.swift */; };
/* End PBXBuildFile section */

/* Begin PBXContainerItemProxy section */
		AB07F6D72A2A22C400A3F02D /* PBXContainerItemProxy */ = {
			isa = PBXContainerItemProxy;
			containerPortal = AB07F6B52A2A22C200A3F02D /* Project object */;
			proxyType = 1;
			remoteGlobalIDString = AB07F6BC2A2A22C200A3F02D;
			remoteInfo = Currency;
		};
/* End PBXContainerItemProxy section */

/* Begin PBXFileReference section */
		AB07F6BD2A2A22C200A3F02D /* Currency.app */ = {isa = PBXFileReference; explicitFileType = wrapper.application; includeInIndex = 0; path = Currency.app; sourceTree = BUILT_PRODUCTS_DIR; };
		AB07F6C02A2A22C200A3F02D /* AppDelegate.swift */ = {isa = PBXFileReference; lastKnownFileType = sourcecode.swift; path = AppDelegate.swift; sourceTree = "<group>"; };
		AB07F6CA2A2A22C200A3F02D /* Currency.xcdatamodel */ = {isa = PBXFileReference; lastKnownFileType = wrapper.xcdatamodel; path = Currency.xcdatamodel; sourceTree = "<group>"; };
		AB07F6CC2A2A22C300A3F02D /* Assets.xcassets */ = {isa = PBXFileReference; lastKnownFileType = folder.assetcatalog; path = Assets.xcassets; sourceTree = "<group>"; };
		AB07F6CF2A2A22C300A3F02D /* Base */ = {isa = PBXFileReference; lastKnownFileType = file.storyboard; name = Base; path = Base.lproj/LaunchScreen.storyboard; sourceTree = "<group>"; };
		AB07F6D12A2A22C300A3F02D /* Info.plist */ = {isa = PBXFileReference; lastKnownFileType = text.plist.xml; path = Info.plist; sourceTree = "<group>"; };
		AB07F6D62A2A22C400A3F02D /* CurrencyTests.xctest */ = {isa = PBXFileReference; explicitFileType = wrapper.cfbundle; includeInIndex = 0; path = CurrencyTests.xctest; sourceTree = BUILT_PRODUCTS_DIR; };
		AB07F6DA2A2A22C400A3F02D /* CurrencyTests.swift */ = {isa = PBXFileReference; lastKnownFileType = sourcecode.swift; path = CurrencyTests.swift; sourceTree = "<group>"; };
		AB07F6F52A2A277800A3F02D /* NetworkManagerProtocol.swift */ = {isa = PBXFileReference; lastKnownFileType = sourcecode.swift; path = NetworkManagerProtocol.swift; sourceTree = "<group>"; };
		AB07F6F72A2A279300A3F02D /* NetworkManager.swift */ = {isa = PBXFileReference; lastKnownFileType = sourcecode.swift; path = NetworkManager.swift; sourceTree = "<group>"; };
		AB07F6FA2A2A2A3200A3F02D /* NetworkServiceProtocol.swift */ = {isa = PBXFileReference; lastKnownFileType = sourcecode.swift; path = NetworkServiceProtocol.swift; sourceTree = "<group>"; };
/* End PBXFileReference section */

/* Begin PBXFrameworksBuildPhase section */
		AB07F6BA2A2A22C200A3F02D /* Frameworks */ = {
			isa = PBXFrameworksBuildPhase;
			buildActionMask = 2147483647;
			files = (
			);
			runOnlyForDeploymentPostprocessing = 0;
		};
		AB07F6D32A2A22C400A3F02D /* Frameworks */ = {
			isa = PBXFrameworksBuildPhase;
			buildActionMask = 2147483647;
			files = (
			);
			runOnlyForDeploymentPostprocessing = 0;
		};
/* End PBXFrameworksBuildPhase section */

/* Begin PBXGroup section */
		AB07F6B42A2A22C200A3F02D = {
			isa = PBXGroup;
			children = (
				AB07F6BF2A2A22C200A3F02D /* Currency */,
				AB07F6D92A2A22C400A3F02D /* CurrencyTests */,
				AB07F6BE2A2A22C200A3F02D /* Products */,
			);
			sourceTree = "<group>";
		};
		AB07F6BE2A2A22C200A3F02D /* Products */ = {
			isa = PBXGroup;
			children = (
				AB07F6BD2A2A22C200A3F02D /* Currency.app */,
				AB07F6D62A2A22C400A3F02D /* CurrencyTests.xctest */,
			);
			name = Products;
			sourceTree = "<group>";
		};
		AB07F6BF2A2A22C200A3F02D /* Currency */ = {
			isa = PBXGroup;
			children = (
				AB07F6C02A2A22C200A3F02D /* AppDelegate.swift */,
				AB07F6D12A2A22C300A3F02D /* Info.plist */,
				AB07F6CC2A2A22C300A3F02D /* Assets.xcassets */,
				AB07F6C92A2A22C200A3F02D /* Currency.xcdatamodeld */,
				AB07F6F42A2A274E00A3F02D /* Network Layer */,
				AB07F6CE2A2A22C300A3F02D /* LaunchScreen.storyboard */,
			);
			path = Currency;
			sourceTree = "<group>";
		};
		AB07F6D92A2A22C400A3F02D /* CurrencyTests */ = {
			isa = PBXGroup;
			children = (
				AB07F6DA2A2A22C400A3F02D /* CurrencyTests.swift */,
			);
			path = CurrencyTests;
			sourceTree = "<group>";
		};
		AB07F6F42A2A274E00A3F02D /* Network Layer */ = {
			isa = PBXGroup;
			children = (
				AB07F6F52A2A277800A3F02D /* NetworkManagerProtocol.swift */,
				AB07F6F72A2A279300A3F02D /* NetworkManager.swift */,
				AB07F6F92A2A2A2400A3F02D /* Service */,
			);
			path = "Network Layer";
			sourceTree = "<group>";
		};
		AB07F6F92A2A2A2400A3F02D /* Service */ = {
			isa = PBXGroup;
			children = (
				AB07F6FA2A2A2A3200A3F02D /* NetworkServiceProtocol.swift */,
			);
			path = Service;
			sourceTree = "<group>";
		};
/* End PBXGroup section */

/* Begin PBXNativeTarget section */
		AB07F6BC2A2A22C200A3F02D /* Currency */ = {
			isa = PBXNativeTarget;
			buildConfigurationList = AB07F6EA2A2A22C400A3F02D /* Build configuration list for PBXNativeTarget "Currency" */;
			buildPhases = (
				AB07F6B92A2A22C200A3F02D /* Sources */,
				AB07F6BA2A2A22C200A3F02D /* Frameworks */,
				AB07F6BB2A2A22C200A3F02D /* Resources */,
			);
			buildRules = (
			);
			dependencies = (
			);
			name = Currency;
			productName = Currency;
			productReference = AB07F6BD2A2A22C200A3F02D /* Currency.app */;
			productType = "com.apple.product-type.application";
		};
		AB07F6D52A2A22C400A3F02D /* CurrencyTests */ = {
			isa = PBXNativeTarget;
			buildConfigurationList = AB07F6ED2A2A22C400A3F02D /* Build configuration list for PBXNativeTarget "CurrencyTests" */;
			buildPhases = (
				AB07F6D22A2A22C400A3F02D /* Sources */,
				AB07F6D32A2A22C400A3F02D /* Frameworks */,
				AB07F6D42A2A22C400A3F02D /* Resources */,
			);
			buildRules = (
			);
			dependencies = (
				AB07F6D82A2A22C400A3F02D /* PBXTargetDependency */,
			);
			name = CurrencyTests;
			productName = CurrencyTests;
			productReference = AB07F6D62A2A22C400A3F02D /* CurrencyTests.xctest */;
			productType = "com.apple.product-type.bundle.unit-test";
		};
/* End PBXNativeTarget section */

/* Begin PBXProject section */
		AB07F6B52A2A22C200A3F02D /* Project object */ = {
			isa = PBXProject;
			attributes = {
				BuildIndependentTargetsInParallel = 1;
				LastSwiftUpdateCheck = 1430;
				LastUpgradeCheck = 1430;
				TargetAttributes = {
					AB07F6BC2A2A22C200A3F02D = {
						CreatedOnToolsVersion = 14.3;
					};
					AB07F6D52A2A22C400A3F02D = {
						CreatedOnToolsVersion = 14.3;
						TestTargetID = AB07F6BC2A2A22C200A3F02D;
					};
				};
			};
			buildConfigurationList = AB07F6B82A2A22C200A3F02D /* Build configuration list for PBXProject "Currency" */;
			compatibilityVersion = "Xcode 13.0";
			developmentRegion = en;
			hasScannedForEncodings = 0;
			knownRegions = (
				en,
				Base,
			);
			mainGroup = AB07F6B42A2A22C200A3F02D;
			productRefGroup = AB07F6BE2A2A22C200A3F02D /* Products */;
			projectDirPath = "";
			projectRoot = "";
			targets = (
				AB07F6BC2A2A22C200A3F02D /* Currency */,
				AB07F6D52A2A22C400A3F02D /* CurrencyTests */,
			);
		};
/* End PBXProject section */

/* Begin PBXResourcesBuildPhase section */
		AB07F6BB2A2A22C200A3F02D /* Resources */ = {
			isa = PBXResourcesBuildPhase;
			buildActionMask = 2147483647;
			files = (
				AB07F6D02A2A22C300A3F02D /* LaunchScreen.storyboard in Resources */,
				AB07F6CD2A2A22C300A3F02D /* Assets.xcassets in Resources */,
			);
			runOnlyForDeploymentPostprocessing = 0;
		};
		AB07F6D42A2A22C400A3F02D /* Resources */ = {
			isa = PBXResourcesBuildPhase;
			buildActionMask = 2147483647;
			files = (
			);
			runOnlyForDeploymentPostprocessing = 0;
		};
/* End PBXResourcesBuildPhase section */

/* Begin PBXSourcesBuildPhase section */
		AB07F6B92A2A22C200A3F02D /* Sources */ = {
			isa = PBXSourcesBuildPhase;
			buildActionMask = 2147483647;
			files = (
				AB07F6F82A2A279300A3F02D /* NetworkManager.swift in Sources */,
				AB07F6CB2A2A22C200A3F02D /* Currency.xcdatamodeld in Sources */,
				AB07F6F62A2A277800A3F02D /* NetworkManagerProtocol.swift in Sources */,
				AB07F6C12A2A22C200A3F02D /* AppDelegate.swift in Sources */,
				AB07F6FB2A2A2A3200A3F02D /* NetworkServiceProtocol.swift in Sources */,
			);
			runOnlyForDeploymentPostprocessing = 0;
		};
		AB07F6D22A2A22C400A3F02D /* Sources */ = {
			isa = PBXSourcesBuildPhase;
			buildActionMask = 2147483647;
			files = (
				AB07F6DB2A2A22C400A3F02D /* CurrencyTests.swift in Sources */,
			);
			runOnlyForDeploymentPostprocessing = 0;
		};
/* End PBXSourcesBuildPhase section */

/* Begin PBXTargetDependency section */
		AB07F6D82A2A22C400A3F02D /* PBXTargetDependency */ = {
			isa = PBXTargetDependency;
			target = AB07F6BC2A2A22C200A3F02D /* Currency */;
			targetProxy = AB07F6D72A2A22C400A3F02D /* PBXContainerItemProxy */;
		};
/* End PBXTargetDependency section */

/* Begin PBXVariantGroup section */
		AB07F6CE2A2A22C300A3F02D /* LaunchScreen.storyboard */ = {
			isa = PBXVariantGroup;
			children = (
				AB07F6CF2A2A22C300A3F02D /* Base */,
			);
			name = LaunchScreen.storyboard;
			sourceTree = "<group>";
		};
/* End PBXVariantGroup section */

/* Begin XCBuildConfiguration section */
		AB07F6E82A2A22C400A3F02D /* Debug */ = {
			isa = XCBuildConfiguration;
			buildSettings = {
				ALWAYS_SEARCH_USER_PATHS = NO;
				CLANG_ANALYZER_NONNULL = YES;
				CLANG_ANALYZER_NUMBER_OBJECT_CONVERSION = YES_AGGRESSIVE;
				CLANG_CXX_LANGUAGE_STANDARD = "gnu++20";
				CLANG_ENABLE_MODULES = YES;
				CLANG_ENABLE_OBJC_ARC = YES;
				CLANG_ENABLE_OBJC_WEAK = YES;
				CLANG_WARN_BLOCK_CAPTURE_AUTORELEASING = YES;
				CLANG_WARN_BOOL_CONVERSION = YES;
				CLANG_WARN_COMMA = YES;
				CLANG_WARN_CONSTANT_CONVERSION = YES;
				CLANG_WARN_DEPRECATED_OBJC_IMPLEMENTATIONS = YES;
				CLANG_WARN_DIRECT_OBJC_ISA_USAGE = YES_ERROR;
				CLANG_WARN_DOCUMENTATION_COMMENTS = YES;
				CLANG_WARN_EMPTY_BODY = YES;
				CLANG_WARN_ENUM_CONVERSION = YES;
				CLANG_WARN_INFINITE_RECURSION = YES;
				CLANG_WARN_INT_CONVERSION = YES;
				CLANG_WARN_NON_LITERAL_NULL_CONVERSION = YES;
				CLANG_WARN_OBJC_IMPLICIT_RETAIN_SELF = YES;
				CLANG_WARN_OBJC_LITERAL_CONVERSION = YES;
				CLANG_WARN_OBJC_ROOT_CLASS = YES_ERROR;
				CLANG_WARN_QUOTED_INCLUDE_IN_FRAMEWORK_HEADER = YES;
				CLANG_WARN_RANGE_LOOP_ANALYSIS = YES;
				CLANG_WARN_STRICT_PROTOTYPES = YES;
				CLANG_WARN_SUSPICIOUS_MOVE = YES;
				CLANG_WARN_UNGUARDED_AVAILABILITY = YES_AGGRESSIVE;
				CLANG_WARN_UNREACHABLE_CODE = YES;
				CLANG_WARN__DUPLICATE_METHOD_MATCH = YES;
				COPY_PHASE_STRIP = NO;
				DEBUG_INFORMATION_FORMAT = dwarf;
				ENABLE_STRICT_OBJC_MSGSEND = YES;
				ENABLE_TESTABILITY = YES;
				GCC_C_LANGUAGE_STANDARD = gnu11;
				GCC_DYNAMIC_NO_PIC = NO;
				GCC_NO_COMMON_BLOCKS = YES;
				GCC_OPTIMIZATION_LEVEL = 0;
				GCC_PREPROCESSOR_DEFINITIONS = (
					"DEBUG=1",
					"$(inherited)",
				);
				GCC_WARN_64_TO_32_BIT_CONVERSION = YES;
				GCC_WARN_ABOUT_RETURN_TYPE = YES_ERROR;
				GCC_WARN_UNDECLARED_SELECTOR = YES;
				GCC_WARN_UNINITIALIZED_AUTOS = YES_AGGRESSIVE;
				GCC_WARN_UNUSED_FUNCTION = YES;
				GCC_WARN_UNUSED_VARIABLE = YES;
				IPHONEOS_DEPLOYMENT_TARGET = 16.4;
				MTL_ENABLE_DEBUG_INFO = INCLUDE_SOURCE;
				MTL_FAST_MATH = YES;
				ONLY_ACTIVE_ARCH = YES;
				SDKROOT = iphoneos;
				SWIFT_ACTIVE_COMPILATION_CONDITIONS = DEBUG;
				SWIFT_OPTIMIZATION_LEVEL = "-Onone";
			};
			name = Debug;
		};
		AB07F6E92A2A22C400A3F02D /* Release */ = {
			isa = XCBuildConfiguration;
			buildSettings = {
				ALWAYS_SEARCH_USER_PATHS = NO;
				CLANG_ANALYZER_NONNULL = YES;
				CLANG_ANALYZER_NUMBER_OBJECT_CONVERSION = YES_AGGRESSIVE;
				CLANG_CXX_LANGUAGE_STANDARD = "gnu++20";
				CLANG_ENABLE_MODULES = YES;
				CLANG_ENABLE_OBJC_ARC = YES;
				CLANG_ENABLE_OBJC_WEAK = YES;
				CLANG_WARN_BLOCK_CAPTURE_AUTORELEASING = YES;
				CLANG_WARN_BOOL_CONVERSION = YES;
				CLANG_WARN_COMMA = YES;
				CLANG_WARN_CONSTANT_CONVERSION = YES;
				CLANG_WARN_DEPRECATED_OBJC_IMPLEMENTATIONS = YES;
				CLANG_WARN_DIRECT_OBJC_ISA_USAGE = YES_ERROR;
				CLANG_WARN_DOCUMENTATION_COMMENTS = YES;
				CLANG_WARN_EMPTY_BODY = YES;
				CLANG_WARN_ENUM_CONVERSION = YES;
				CLANG_WARN_INFINITE_RECURSION = YES;
				CLANG_WARN_INT_CONVERSION = YES;
				CLANG_WARN_NON_LITERAL_NULL_CONVERSION = YES;
				CLANG_WARN_OBJC_IMPLICIT_RETAIN_SELF = YES;
				CLANG_WARN_OBJC_LITERAL_CONVERSION = YES;
				CLANG_WARN_OBJC_ROOT_CLASS = YES_ERROR;
				CLANG_WARN_QUOTED_INCLUDE_IN_FRAMEWORK_HEADER = YES;
				CLANG_WARN_RANGE_LOOP_ANALYSIS = YES;
				CLANG_WARN_STRICT_PROTOTYPES = YES;
				CLANG_WARN_SUSPICIOUS_MOVE = YES;
				CLANG_WARN_UNGUARDED_AVAILABILITY = YES_AGGRESSIVE;
				CLANG_WARN_UNREACHABLE_CODE = YES;
				CLANG_WARN__DUPLICATE_METHOD_MATCH = YES;
				COPY_PHASE_STRIP = NO;
				DEBUG_INFORMATION_FORMAT = "dwarf-with-dsym";
				ENABLE_NS_ASSERTIONS = NO;
				ENABLE_STRICT_OBJC_MSGSEND = YES;
				GCC_C_LANGUAGE_STANDARD = gnu11;
				GCC_NO_COMMON_BLOCKS = YES;
				GCC_WARN_64_TO_32_BIT_CONVERSION = YES;
				GCC_WARN_ABOUT_RETURN_TYPE = YES_ERROR;
				GCC_WARN_UNDECLARED_SELECTOR = YES;
				GCC_WARN_UNINITIALIZED_AUTOS = YES_AGGRESSIVE;
				GCC_WARN_UNUSED_FUNCTION = YES;
				GCC_WARN_UNUSED_VARIABLE = YES;
				IPHONEOS_DEPLOYMENT_TARGET = 16.4;
				MTL_ENABLE_DEBUG_INFO = NO;
				MTL_FAST_MATH = YES;
				SDKROOT = iphoneos;
				SWIFT_COMPILATION_MODE = wholemodule;
				SWIFT_OPTIMIZATION_LEVEL = "-O";
				VALIDATE_PRODUCT = YES;
			};
			name = Release;
		};
		AB07F6EB2A2A22C400A3F02D /* Debug */ = {
			isa = XCBuildConfiguration;
			buildSettings = {
				ASSETCATALOG_COMPILER_APPICON_NAME = AppIcon;
				ASSETCATALOG_COMPILER_GLOBAL_ACCENT_COLOR_NAME = AccentColor;
				CODE_SIGN_STYLE = Automatic;
				CURRENT_PROJECT_VERSION = 1;
				GENERATE_INFOPLIST_FILE = YES;
				INFOPLIST_FILE = Currency/Info.plist;
				INFOPLIST_KEY_LSApplicationCategoryType = "public.app-category.finance";
				INFOPLIST_KEY_UIApplicationSupportsIndirectInputEvents = YES;
				INFOPLIST_KEY_UILaunchStoryboardName = LaunchScreen;
				INFOPLIST_KEY_UIMainStoryboardFile = "";
				INFOPLIST_KEY_UISupportedInterfaceOrientations_iPad = "UIInterfaceOrientationPortrait UIInterfaceOrientationPortraitUpsideDown UIInterfaceOrientationLandscapeLeft UIInterfaceOrientationLandscapeRight";
				INFOPLIST_KEY_UISupportedInterfaceOrientations_iPhone = "UIInterfaceOrientationPortrait UIInterfaceOrientationLandscapeLeft UIInterfaceOrientationLandscapeRight";
				LD_RUNPATH_SEARCH_PATHS = (
					"$(inherited)",
					"@executable_path/Frameworks",
				);
				MARKETING_VERSION = 1.0;
				PRODUCT_BUNDLE_IDENTIFIER = sample.Currency;
				PRODUCT_NAME = "$(TARGET_NAME)";
				SWIFT_EMIT_LOC_STRINGS = YES;
				SWIFT_VERSION = 5.0;
				TARGETED_DEVICE_FAMILY = "1,2";
			};
			name = Debug;
		};
		AB07F6EC2A2A22C400A3F02D /* Release */ = {
			isa = XCBuildConfiguration;
			buildSettings = {
				ASSETCATALOG_COMPILER_APPICON_NAME = AppIcon;
				ASSETCATALOG_COMPILER_GLOBAL_ACCENT_COLOR_NAME = AccentColor;
				CODE_SIGN_STYLE = Automatic;
				CURRENT_PROJECT_VERSION = 1;
				GENERATE_INFOPLIST_FILE = YES;
				INFOPLIST_FILE = Currency/Info.plist;
				INFOPLIST_KEY_LSApplicationCategoryType = "public.app-category.finance";
				INFOPLIST_KEY_UIApplicationSupportsIndirectInputEvents = YES;
				INFOPLIST_KEY_UILaunchStoryboardName = LaunchScreen;
				INFOPLIST_KEY_UIMainStoryboardFile = "";
				INFOPLIST_KEY_UISupportedInterfaceOrientations_iPad = "UIInterfaceOrientationPortrait UIInterfaceOrientationPortraitUpsideDown UIInterfaceOrientationLandscapeLeft UIInterfaceOrientationLandscapeRight";
				INFOPLIST_KEY_UISupportedInterfaceOrientations_iPhone = "UIInterfaceOrientationPortrait UIInterfaceOrientationLandscapeLeft UIInterfaceOrientationLandscapeRight";
				LD_RUNPATH_SEARCH_PATHS = (
					"$(inherited)",
					"@executable_path/Frameworks",
				);
				MARKETING_VERSION = 1.0;
				PRODUCT_BUNDLE_IDENTIFIER = sample.Currency;
				PRODUCT_NAME = "$(TARGET_NAME)";
				SWIFT_EMIT_LOC_STRINGS = YES;
				SWIFT_VERSION = 5.0;
				TARGETED_DEVICE_FAMILY = "1,2";
			};
			name = Release;
		};
		AB07F6EE2A2A22C400A3F02D /* Debug */ = {
			isa = XCBuildConfiguration;
			buildSettings = {
				ALWAYS_EMBED_SWIFT_STANDARD_LIBRARIES = YES;
				BUNDLE_LOADER = "$(TEST_HOST)";
				CODE_SIGN_STYLE = Automatic;
				CURRENT_PROJECT_VERSION = 1;
				GENERATE_INFOPLIST_FILE = YES;
				IPHONEOS_DEPLOYMENT_TARGET = 16.4;
				MARKETING_VERSION = 1.0;
				PRODUCT_BUNDLE_IDENTIFIER = sample.CurrencyTests;
				PRODUCT_NAME = "$(TARGET_NAME)";
				SWIFT_EMIT_LOC_STRINGS = NO;
				SWIFT_VERSION = 5.0;
				TARGETED_DEVICE_FAMILY = "1,2";
				TEST_HOST = "$(BUILT_PRODUCTS_DIR)/Currency.app/$(BUNDLE_EXECUTABLE_FOLDER_PATH)/Currency";
			};
			name = Debug;
		};
		AB07F6EF2A2A22C400A3F02D /* Release */ = {
			isa = XCBuildConfiguration;
			buildSettings = {
				ALWAYS_EMBED_SWIFT_STANDARD_LIBRARIES = YES;
				BUNDLE_LOADER = "$(TEST_HOST)";
				CODE_SIGN_STYLE = Automatic;
				CURRENT_PROJECT_VERSION = 1;
				GENERATE_INFOPLIST_FILE = YES;
				IPHONEOS_DEPLOYMENT_TARGET = 16.4;
				MARKETING_VERSION = 1.0;
				PRODUCT_BUNDLE_IDENTIFIER = sample.CurrencyTests;
				PRODUCT_NAME = "$(TARGET_NAME)";
				SWIFT_EMIT_LOC_STRINGS = NO;
				SWIFT_VERSION = 5.0;
				TARGETED_DEVICE_FAMILY = "1,2";
				TEST_HOST = "$(BUILT_PRODUCTS_DIR)/Currency.app/$(BUNDLE_EXECUTABLE_FOLDER_PATH)/Currency";
			};
			name = Release;
		};
/* End XCBuildConfiguration section */

/* Begin XCConfigurationList section */
		AB07F6B82A2A22C200A3F02D /* Build configuration list for PBXProject "Currency" */ = {
			isa = XCConfigurationList;
			buildConfigurations = (
				AB07F6E82A2A22C400A3F02D /* Debug */,
				AB07F6E92A2A22C400A3F02D /* Release */,
			);
			defaultConfigurationIsVisible = 0;
			defaultConfigurationName = Release;
		};
		AB07F6EA2A2A22C400A3F02D /* Build configuration list for PBXNativeTarget "Currency" */ = {
			isa = XCConfigurationList;
			buildConfigurations = (
				AB07F6EB2A2A22C400A3F02D /* Debug */,
				AB07F6EC2A2A22C400A3F02D /* Release */,
			);
			defaultConfigurationIsVisible = 0;
			defaultConfigurationName = Release;
		};
		AB07F6ED2A2A22C400A3F02D /* Build configuration list for PBXNativeTarget "CurrencyTests" */ = {
			isa = XCConfigurationList;
			buildConfigurations = (
				AB07F6EE2A2A22C400A3F02D /* Debug */,
				AB07F6EF2A2A22C400A3F02D /* Release */,
			);
			defaultConfigurationIsVisible = 0;
			defaultConfigurationName = Release;
		};
/* End XCConfigurationList section */

/* Begin XCVersionGroup section */
		AB07F6C92A2A22C200A3F02D /* Currency.xcdatamodeld */ = {
			isa = XCVersionGroup;
			children = (
				AB07F6CA2A2A22C200A3F02D /* Currency.xcdatamodel */,
			);
			currentVersion = AB07F6CA2A2A22C200A3F02D /* Currency.xcdatamodel */;
			path = Currency.xcdatamodeld;
			sourceTree = "<group>";
			versionGroupType = wrapper.xcdatamodel;
		};
/* End XCVersionGroup section */
	};
	rootObject = AB07F6B52A2A22C200A3F02D /* Project object */;
}
